
Microsoft Visual Studio Solution File, Format Version 12.00
# Visual Studio Version 16
VisualStudioVersion = 16.0.28803.202
MinimumVisualStudioVersion = 10.0.40219.1
Project("{9A19103F-16F7-4668-BE54-9A1E7A4F7556}") = "CollatzConjecture", "CollatzConjecture.csproj", "{4BD6D473-F8D2-49A8-8A09-BDAACF7146AA}"
EndProject
Global
	GlobalSection(SolutionConfigurationPlatforms) = preSolution
		Debug|Any CPU = Debug|Any CPU
		Release|Any CPU = Release|Any CPU
	EndGlobalSection
	GlobalSection(ProjectConfigurationPlatforms) = postSolution
		{4BD6D473-F8D2-49A8-8A09-BDAACF7146AA}.Debug|Any CPU.ActiveCfg = Debug|Any CPU
		{4BD6D473-F8D2-49A8-8A09-BDAACF7146AA}.Debug|Any CPU.Build.0 = Debug|Any CPU
		{4BD6D473-F8D2-49A8-8A09-BDAACF7146AA}.Release|Any CPU.ActiveCfg = Release|Any CPU
		{4BD6D473-F8D2-49A8-8A09-BDAACF7146AA}.Release|Any CPU.Build.0 = Release|Any CPU
	EndGlobalSection
	GlobalSection(SolutionProperties) = preSolution
		HideSolutionNode = FALSE
	EndGlobalSection
	GlobalSection(ExtensibilityGlobals) = postSolution
		SolutionGuid = {2E153C67-3021-49D0-81CE-989803C8989B}
	EndGlobalSection
EndGlobal
